
Microsoft Visual Studio Solution File, Format Version 12.00
# Visual Studio 15
VisualStudioVersion = 15.0.27703.2000
MinimumVisualStudioVersion = 10.0.40219.1
Project("{9A19103F-16F7-4668-BE54-9A1E7A4F7556}") = "CustomerApi", "src\CustomerApi\CustomerApi.csproj", "{FBA616D3-B687-47B2-9042-052A5C6BD519}"
EndProject
Global
	GlobalSection(SolutionConfigurationPlatforms) = preSolution
		Debug|Any CPU = Debug|Any CPU
		Release|Any CPU = Release|Any CPU
	EndGlobalSection
	GlobalSection(ProjectConfigurationPlatforms) = postSolution
		{FBA616D3-B687-47B2-9042-052A5C6BD519}.Debug|Any CPU.ActiveCfg = Debug|Any CPU
		{FBA616D3-B687-47B2-9042-052A5C6BD519}.Debug|Any CPU.Build.0 = Debug|Any CPU
		{FBA616D3-B687-47B2-9042-052A5C6BD519}.Release|Any CPU.ActiveCfg = Release|Any CPU
		{FBA616D3-B687-47B2-9042-052A5C6BD519}.Release|Any CPU.Build.0 = Release|Any CPU
	EndGlobalSection
	GlobalSection(SolutionProperties) = preSolution
		HideSolutionNode = FALSE
	EndGlobalSection
	GlobalSection(ExtensibilityGlobals) = postSolution
		SolutionGuid = {863AC7F4-A187-4C18-8C62-14697CCA2187}
	EndGlobalSection
EndGlobal
