
Microsoft Visual Studio Solution File, Format Version 12.00
# Visual Studio 15
VisualStudioVersion = 15.0.27703.2000
MinimumVisualStudioVersion = 10.0.40219.1
Project("{FAE04EC0-301F-11D3-BF4B-00C04F79EFBC}") = "SelfScanning", "SelfScanning\SelfScanning.csproj", "{84EFC017-85A2-4513-A14E-722A1838C84C}"
EndProject
Global
	GlobalSection(SolutionConfigurationPlatforms) = preSolution
		Debug|Any CPU = Debug|Any CPU
		Release|Any CPU = Release|Any CPU
	EndGlobalSection
	GlobalSection(ProjectConfigurationPlatforms) = postSolution
		{84EFC017-85A2-4513-A14E-722A1838C84C}.Debug|Any CPU.ActiveCfg = Debug|Any CPU
		{84EFC017-85A2-4513-A14E-722A1838C84C}.Debug|Any CPU.Build.0 = Debug|Any CPU
		{84EFC017-85A2-4513-A14E-722A1838C84C}.Release|Any CPU.ActiveCfg = Release|Any CPU
		{84EFC017-85A2-4513-A14E-722A1838C84C}.Release|Any CPU.Build.0 = Release|Any CPU
	EndGlobalSection
	GlobalSection(SolutionProperties) = preSolution
		HideSolutionNode = FALSE
	EndGlobalSection
	GlobalSection(ExtensibilityGlobals) = postSolution
		SolutionGuid = {863AC7F4-A187-4C18-8C62-14697CCA2187}
	EndGlobalSection
EndGlobal
